
Microsoft Visual Studio Solution File, Format Version 12.00
# Visual Studio Express 2013 for Windows Desktop
VisualStudioVersion = 12.0.30723.0
MinimumVisualStudioVersion = 10.0.40219.1
Project("{FAE04EC0-301F-11D3-BF4B-00C04F79EFBC}") = "CH1", "..\CH1\CH1.csproj", "{A817AD3C-9696-4E6C-8C14-67630A1D8615}"
EndProject
Project("{FAE04EC0-301F-11D3-BF4B-00C04F79EFBC}") = "CH2", "CH2\CH2.csproj", "{87571EF7-9E70-4B5F-B82C-269855CB3A89}"
EndProject
Project("{FAE04EC0-301F-11D3-BF4B-00C04F79EFBC}") = "CH3", "CH3\CH3.csproj", "{12068A30-CFF2-449B-B650-2F273267ED27}"
EndProject
Project("{FAE04EC0-301F-11D3-BF4B-00C04F79EFBC}") = "CH5", "CH5\CH5.csproj", "{5B5F0FB1-E4BC-40E1-88D3-1A647E399DA8}"
EndProject
Project("{FAE04EC0-301F-11D3-BF4B-00C04F79EFBC}") = "CH6", "CH6\CH6.csproj", "{F65D30C2-6671-4A46-A8D3-267CAA8C0853}"
EndProject
Project("{FAE04EC0-301F-11D3-BF4B-00C04F79EFBC}") = "CH4", "CH4\CH4.csproj", "{42CC05F7-2AAC-437D-B4FE-B3E9320AB400}"
EndProject
Project("{FAE04EC0-301F-11D3-BF4B-00C04F79EFBC}") = "E7", "E7\E7.csproj", "{0C8047E7-F763-4472-A202-A40BAFF95A8F}"
EndProject
Global
	GlobalSection(SolutionConfigurationPlatforms) = preSolution
		Debug|Any CPU = Debug|Any CPU
		Release|Any CPU = Release|Any CPU
	EndGlobalSection
	GlobalSection(ProjectConfigurationPlatforms) = postSolution
		{A817AD3C-9696-4E6C-8C14-67630A1D8615}.Debug|Any CPU.ActiveCfg = Debug|Any CPU
		{A817AD3C-9696-4E6C-8C14-67630A1D8615}.Debug|Any CPU.Build.0 = Debug|Any CPU
		{A817AD3C-9696-4E6C-8C14-67630A1D8615}.Release|Any CPU.ActiveCfg = Release|Any CPU
		{A817AD3C-9696-4E6C-8C14-67630A1D8615}.Release|Any CPU.Build.0 = Release|Any CPU
		{87571EF7-9E70-4B5F-B82C-269855CB3A89}.Debug|Any CPU.ActiveCfg = Debug|Any CPU
		{87571EF7-9E70-4B5F-B82C-269855CB3A89}.Debug|Any CPU.Build.0 = Debug|Any CPU
		{87571EF7-9E70-4B5F-B82C-269855CB3A89}.Release|Any CPU.ActiveCfg = Release|Any CPU
		{87571EF7-9E70-4B5F-B82C-269855CB3A89}.Release|Any CPU.Build.0 = Release|Any CPU
		{12068A30-CFF2-449B-B650-2F273267ED27}.Debug|Any CPU.ActiveCfg = Debug|Any CPU
		{12068A30-CFF2-449B-B650-2F273267ED27}.Debug|Any CPU.Build.0 = Debug|Any CPU
		{12068A30-CFF2-449B-B650-2F273267ED27}.Release|Any CPU.ActiveCfg = Release|Any CPU
		{12068A30-CFF2-449B-B650-2F273267ED27}.Release|Any CPU.Build.0 = Release|Any CPU
		{5B5F0FB1-E4BC-40E1-88D3-1A647E399DA8}.Debug|Any CPU.ActiveCfg = Debug|Any CPU
		{5B5F0FB1-E4BC-40E1-88D3-1A647E399DA8}.Debug|Any CPU.Build.0 = Debug|Any CPU
		{5B5F0FB1-E4BC-40E1-88D3-1A647E399DA8}.Release|Any CPU.ActiveCfg = Release|Any CPU
		{5B5F0FB1-E4BC-40E1-88D3-1A647E399DA8}.Release|Any CPU.Build.0 = Release|Any CPU
		{F65D30C2-6671-4A46-A8D3-267CAA8C0853}.Debug|Any CPU.ActiveCfg = Debug|Any CPU
		{F65D30C2-6671-4A46-A8D3-267CAA8C0853}.Debug|Any CPU.Build.0 = Debug|Any CPU
		{F65D30C2-6671-4A46-A8D3-267CAA8C0853}.Release|Any CPU.ActiveCfg = Release|Any CPU
		{F65D30C2-6671-4A46-A8D3-267CAA8C0853}.Release|Any CPU.Build.0 = Release|Any CPU
		{42CC05F7-2AAC-437D-B4FE-B3E9320AB400}.Debug|Any CPU.ActiveCfg = Debug|Any CPU
		{42CC05F7-2AAC-437D-B4FE-B3E9320AB400}.Debug|Any CPU.Build.0 = Debug|Any CPU
		{42CC05F7-2AAC-437D-B4FE-B3E9320AB400}.Release|Any CPU.ActiveCfg = Release|Any CPU
		{42CC05F7-2AAC-437D-B4FE-B3E9320AB400}.Release|Any CPU.Build.0 = Release|Any CPU
		{0C8047E7-F763-4472-A202-A40BAFF95A8F}.Debug|Any CPU.ActiveCfg = Debug|Any CPU
		{0C8047E7-F763-4472-A202-A40BAFF95A8F}.Debug|Any CPU.Build.0 = Debug|Any CPU
		{0C8047E7-F763-4472-A202-A40BAFF95A8F}.Release|Any CPU.ActiveCfg = Release|Any CPU
		{0C8047E7-F763-4472-A202-A40BAFF95A8F}.Release|Any CPU.Build.0 = Release|Any CPU
	EndGlobalSection
	GlobalSection(SolutionProperties) = preSolution
		HideSolutionNode = FALSE
	EndGlobalSection
EndGlobal
