
Microsoft Visual Studio Solution File, Format Version 12.00
# Visual Studio Express 2013 for Windows Desktop
VisualStudioVersion = 12.0.30723.0
MinimumVisualStudioVersion = 10.0.40219.1
Project("{FAE04EC0-301F-11D3-BF4B-00C04F79EFBC}") = "E001", "Easy\E001\E001.csproj", "{A817AD3C-9696-4E6C-8C14-67630A1D8615}"
EndProject
Project("{2150E333-8FDC-42A3-9474-1A3956D46DE8}") = "Easy", "Easy", "{D5EAFAB0-7BF1-4FF6-8FB6-80A9BF46006D}"
EndProject
Project("{FAE04EC0-301F-11D3-BF4B-00C04F79EFBC}") = "E002", "Easy\E002\E002.csproj", "{87571EF7-9E70-4B5F-B82C-269855CB3A89}"
EndProject
Project("{FAE04EC0-301F-11D3-BF4B-00C04F79EFBC}") = "E003", "Easy\E003\E003.csproj", "{12068A30-CFF2-449B-B650-2F273267ED27}"
EndProject
Project("{FAE04EC0-301F-11D3-BF4B-00C04F79EFBC}") = "E004", "Easy\E004\E004.csproj", "{42CC05F7-2AAC-437D-B4FE-B3E9320AB400}"
EndProject
Project("{FAE04EC0-301F-11D3-BF4B-00C04F79EFBC}") = "E005", "Easy\E005\E005.csproj", "{5B5F0FB1-E4BC-40E1-88D3-1A647E399DA8}"
EndProject
Project("{FAE04EC0-301F-11D3-BF4B-00C04F79EFBC}") = "E006", "Easy\E006\E006.csproj", "{F65D30C2-6671-4A46-A8D3-267CAA8C0853}"
EndProject
Project("{FAE04EC0-301F-11D3-BF4B-00C04F79EFBC}") = "E007", "Easy\E007\E007.csproj", "{0C8047E7-F763-4472-A202-A40BAFF95A8F}"
EndProject
Project("{FAE04EC0-301F-11D3-BF4B-00C04F79EFBC}") = "E008", "Easy\E008\E008.csproj", "{E002DFF8-7D08-4CD2-930D-8F92EC2D7ADD}"
EndProject
Project("{FAE04EC0-301F-11D3-BF4B-00C04F79EFBC}") = "E009", "Easy\E009\E009.csproj", "{95DAC990-C1FB-4FE4-8ECF-1AF8FFE5FDB3}"
EndProject
Project("{FAE04EC0-301F-11D3-BF4B-00C04F79EFBC}") = "E010", "E010\E010.csproj", "{F05DAF7F-C0E1-4575-8454-2EC7E0DA38F7}"
EndProject
Project("{FAE04EC0-301F-11D3-BF4B-00C04F79EFBC}") = "E011", "E011\E011.csproj", "{B0604A5C-A22B-43C0-9541-9BF0CF70B7AA}"
EndProject
Project("{FAE04EC0-301F-11D3-BF4B-00C04F79EFBC}") = "E012", "E012\E012.csproj", "{084B49C7-22D4-4CC5-B074-D7B62EE9D63E}"
EndProject
Project("{FAE04EC0-301F-11D3-BF4B-00C04F79EFBC}") = "E013", "E013\E013.csproj", "{F155EEF1-93BC-4A53-8703-4AD9DAA69298}"
EndProject
Global
	GlobalSection(SolutionConfigurationPlatforms) = preSolution
		Debug|Any CPU = Debug|Any CPU
		Release|Any CPU = Release|Any CPU
	EndGlobalSection
	GlobalSection(ProjectConfigurationPlatforms) = postSolution
		{A817AD3C-9696-4E6C-8C14-67630A1D8615}.Debug|Any CPU.ActiveCfg = Debug|Any CPU
		{A817AD3C-9696-4E6C-8C14-67630A1D8615}.Debug|Any CPU.Build.0 = Debug|Any CPU
		{A817AD3C-9696-4E6C-8C14-67630A1D8615}.Release|Any CPU.ActiveCfg = Release|Any CPU
		{A817AD3C-9696-4E6C-8C14-67630A1D8615}.Release|Any CPU.Build.0 = Release|Any CPU
		{87571EF7-9E70-4B5F-B82C-269855CB3A89}.Debug|Any CPU.ActiveCfg = Debug|Any CPU
		{87571EF7-9E70-4B5F-B82C-269855CB3A89}.Debug|Any CPU.Build.0 = Debug|Any CPU
		{87571EF7-9E70-4B5F-B82C-269855CB3A89}.Release|Any CPU.ActiveCfg = Release|Any CPU
		{87571EF7-9E70-4B5F-B82C-269855CB3A89}.Release|Any CPU.Build.0 = Release|Any CPU
		{12068A30-CFF2-449B-B650-2F273267ED27}.Debug|Any CPU.ActiveCfg = Debug|Any CPU
		{12068A30-CFF2-449B-B650-2F273267ED27}.Debug|Any CPU.Build.0 = Debug|Any CPU
		{12068A30-CFF2-449B-B650-2F273267ED27}.Release|Any CPU.ActiveCfg = Release|Any CPU
		{12068A30-CFF2-449B-B650-2F273267ED27}.Release|Any CPU.Build.0 = Release|Any CPU
		{42CC05F7-2AAC-437D-B4FE-B3E9320AB400}.Debug|Any CPU.ActiveCfg = Debug|Any CPU
		{42CC05F7-2AAC-437D-B4FE-B3E9320AB400}.Debug|Any CPU.Build.0 = Debug|Any CPU
		{42CC05F7-2AAC-437D-B4FE-B3E9320AB400}.Release|Any CPU.ActiveCfg = Release|Any CPU
		{42CC05F7-2AAC-437D-B4FE-B3E9320AB400}.Release|Any CPU.Build.0 = Release|Any CPU
		{5B5F0FB1-E4BC-40E1-88D3-1A647E399DA8}.Debug|Any CPU.ActiveCfg = Debug|Any CPU
		{5B5F0FB1-E4BC-40E1-88D3-1A647E399DA8}.Debug|Any CPU.Build.0 = Debug|Any CPU
		{5B5F0FB1-E4BC-40E1-88D3-1A647E399DA8}.Release|Any CPU.ActiveCfg = Release|Any CPU
		{5B5F0FB1-E4BC-40E1-88D3-1A647E399DA8}.Release|Any CPU.Build.0 = Release|Any CPU
		{F65D30C2-6671-4A46-A8D3-267CAA8C0853}.Debug|Any CPU.ActiveCfg = Debug|Any CPU
		{F65D30C2-6671-4A46-A8D3-267CAA8C0853}.Debug|Any CPU.Build.0 = Debug|Any CPU
		{F65D30C2-6671-4A46-A8D3-267CAA8C0853}.Release|Any CPU.ActiveCfg = Release|Any CPU
		{F65D30C2-6671-4A46-A8D3-267CAA8C0853}.Release|Any CPU.Build.0 = Release|Any CPU
		{0C8047E7-F763-4472-A202-A40BAFF95A8F}.Debug|Any CPU.ActiveCfg = Debug|Any CPU
		{0C8047E7-F763-4472-A202-A40BAFF95A8F}.Debug|Any CPU.Build.0 = Debug|Any CPU
		{0C8047E7-F763-4472-A202-A40BAFF95A8F}.Release|Any CPU.ActiveCfg = Release|Any CPU
		{0C8047E7-F763-4472-A202-A40BAFF95A8F}.Release|Any CPU.Build.0 = Release|Any CPU
		{E002DFF8-7D08-4CD2-930D-8F92EC2D7ADD}.Debug|Any CPU.ActiveCfg = Debug|Any CPU
		{E002DFF8-7D08-4CD2-930D-8F92EC2D7ADD}.Debug|Any CPU.Build.0 = Debug|Any CPU
		{E002DFF8-7D08-4CD2-930D-8F92EC2D7ADD}.Release|Any CPU.ActiveCfg = Release|Any CPU
		{E002DFF8-7D08-4CD2-930D-8F92EC2D7ADD}.Release|Any CPU.Build.0 = Release|Any CPU
		{95DAC990-C1FB-4FE4-8ECF-1AF8FFE5FDB3}.Debug|Any CPU.ActiveCfg = Debug|Any CPU
		{95DAC990-C1FB-4FE4-8ECF-1AF8FFE5FDB3}.Debug|Any CPU.Build.0 = Debug|Any CPU
		{95DAC990-C1FB-4FE4-8ECF-1AF8FFE5FDB3}.Release|Any CPU.ActiveCfg = Release|Any CPU
		{95DAC990-C1FB-4FE4-8ECF-1AF8FFE5FDB3}.Release|Any CPU.Build.0 = Release|Any CPU
		{F05DAF7F-C0E1-4575-8454-2EC7E0DA38F7}.Debug|Any CPU.ActiveCfg = Debug|Any CPU
		{F05DAF7F-C0E1-4575-8454-2EC7E0DA38F7}.Debug|Any CPU.Build.0 = Debug|Any CPU
		{F05DAF7F-C0E1-4575-8454-2EC7E0DA38F7}.Release|Any CPU.ActiveCfg = Release|Any CPU
		{F05DAF7F-C0E1-4575-8454-2EC7E0DA38F7}.Release|Any CPU.Build.0 = Release|Any CPU
		{B0604A5C-A22B-43C0-9541-9BF0CF70B7AA}.Debug|Any CPU.ActiveCfg = Debug|Any CPU
		{B0604A5C-A22B-43C0-9541-9BF0CF70B7AA}.Debug|Any CPU.Build.0 = Debug|Any CPU
		{B0604A5C-A22B-43C0-9541-9BF0CF70B7AA}.Release|Any CPU.ActiveCfg = Release|Any CPU
		{B0604A5C-A22B-43C0-9541-9BF0CF70B7AA}.Release|Any CPU.Build.0 = Release|Any CPU
		{084B49C7-22D4-4CC5-B074-D7B62EE9D63E}.Debug|Any CPU.ActiveCfg = Debug|Any CPU
		{084B49C7-22D4-4CC5-B074-D7B62EE9D63E}.Debug|Any CPU.Build.0 = Debug|Any CPU
		{084B49C7-22D4-4CC5-B074-D7B62EE9D63E}.Release|Any CPU.ActiveCfg = Release|Any CPU
		{084B49C7-22D4-4CC5-B074-D7B62EE9D63E}.Release|Any CPU.Build.0 = Release|Any CPU
		{F155EEF1-93BC-4A53-8703-4AD9DAA69298}.Debug|Any CPU.ActiveCfg = Debug|Any CPU
		{F155EEF1-93BC-4A53-8703-4AD9DAA69298}.Debug|Any CPU.Build.0 = Debug|Any CPU
		{F155EEF1-93BC-4A53-8703-4AD9DAA69298}.Release|Any CPU.ActiveCfg = Release|Any CPU
		{F155EEF1-93BC-4A53-8703-4AD9DAA69298}.Release|Any CPU.Build.0 = Release|Any CPU
	EndGlobalSection
	GlobalSection(SolutionProperties) = preSolution
		HideSolutionNode = FALSE
	EndGlobalSection
	GlobalSection(NestedProjects) = preSolution
		{A817AD3C-9696-4E6C-8C14-67630A1D8615} = {D5EAFAB0-7BF1-4FF6-8FB6-80A9BF46006D}
		{87571EF7-9E70-4B5F-B82C-269855CB3A89} = {D5EAFAB0-7BF1-4FF6-8FB6-80A9BF46006D}
		{12068A30-CFF2-449B-B650-2F273267ED27} = {D5EAFAB0-7BF1-4FF6-8FB6-80A9BF46006D}
		{42CC05F7-2AAC-437D-B4FE-B3E9320AB400} = {D5EAFAB0-7BF1-4FF6-8FB6-80A9BF46006D}
		{5B5F0FB1-E4BC-40E1-88D3-1A647E399DA8} = {D5EAFAB0-7BF1-4FF6-8FB6-80A9BF46006D}
		{F65D30C2-6671-4A46-A8D3-267CAA8C0853} = {D5EAFAB0-7BF1-4FF6-8FB6-80A9BF46006D}
		{0C8047E7-F763-4472-A202-A40BAFF95A8F} = {D5EAFAB0-7BF1-4FF6-8FB6-80A9BF46006D}
		{E002DFF8-7D08-4CD2-930D-8F92EC2D7ADD} = {D5EAFAB0-7BF1-4FF6-8FB6-80A9BF46006D}
		{95DAC990-C1FB-4FE4-8ECF-1AF8FFE5FDB3} = {D5EAFAB0-7BF1-4FF6-8FB6-80A9BF46006D}
		{F05DAF7F-C0E1-4575-8454-2EC7E0DA38F7} = {D5EAFAB0-7BF1-4FF6-8FB6-80A9BF46006D}
		{B0604A5C-A22B-43C0-9541-9BF0CF70B7AA} = {D5EAFAB0-7BF1-4FF6-8FB6-80A9BF46006D}
		{084B49C7-22D4-4CC5-B074-D7B62EE9D63E} = {D5EAFAB0-7BF1-4FF6-8FB6-80A9BF46006D}
		{F155EEF1-93BC-4A53-8703-4AD9DAA69298} = {D5EAFAB0-7BF1-4FF6-8FB6-80A9BF46006D}
	EndGlobalSection
EndGlobal
